
Microsoft Visual Studio Solution File, Format Version 12.00
# Visual Studio Version 16
VisualStudioVersion = 16.0.29519.87
MinimumVisualStudioVersion = 10.0.40219.1
Project("{2150E333-8FDC-42A3-9474-1A3956D46DE8}") = "Solution Items", "Solution Items", "{8DE94EF8-315C-49C2-B999-BD62F16457EC}"
	ProjectSection(SolutionItems) = preProject
		.editorconfig = .editorconfig
	EndProjectSection
EndProject
Project("{9A19103F-16F7-4668-BE54-9A1E7A4F7556}") = "StoreProcedure", "Dal\SpContext\StoreProcedure.csproj", "{AF3ADB8D-CF3A-4E1A-9A3E-F31F3D139034}"
EndProject
Project("{9A19103F-16F7-4668-BE54-9A1E7A4F7556}") = "IdentityServer", "IdentityServer\IdentityServer.csproj", "{0DF303BA-6137-4CDB-9596-017720686F21}"
EndProject
Project("{9A19103F-16F7-4668-BE54-9A1E7A4F7556}") = "ClientSite", "BlazorOIDC\ClientSite\ClientSite.csproj", "{FFE660A9-27AD-447B-AC2D-F5EC025A7E64}"
EndProject
Project("{9A19103F-16F7-4668-BE54-9A1E7A4F7556}") = "Saas", "Saas\Saas.csproj", "{E740EC71-6444-434E-90F0-FF793BC9E29E}"
EndProject
Global
	GlobalSection(SolutionConfigurationPlatforms) = preSolution
		Debug|Any CPU = Debug|Any CPU
		Debug|ARM = Debug|ARM
		Debug|ARM64 = Debug|ARM64
		Debug|iPhone = Debug|iPhone
		Debug|iPhoneSimulator = Debug|iPhoneSimulator
		Debug|x64 = Debug|x64
		Debug|x86 = Debug|x86
		Release|Any CPU = Release|Any CPU
		Release|ARM = Release|ARM
		Release|ARM64 = Release|ARM64
		Release|iPhone = Release|iPhone
		Release|iPhoneSimulator = Release|iPhoneSimulator
		Release|x64 = Release|x64
		Release|x86 = Release|x86
	EndGlobalSection
	GlobalSection(ProjectConfigurationPlatforms) = postSolution
		{AF3ADB8D-CF3A-4E1A-9A3E-F31F3D139034}.Debug|Any CPU.ActiveCfg = Debug|Any CPU
		{AF3ADB8D-CF3A-4E1A-9A3E-F31F3D139034}.Debug|Any CPU.Build.0 = Debug|Any CPU
		{AF3ADB8D-CF3A-4E1A-9A3E-F31F3D139034}.Debug|ARM.ActiveCfg = Debug|Any CPU
		{AF3ADB8D-CF3A-4E1A-9A3E-F31F3D139034}.Debug|ARM.Build.0 = Debug|Any CPU
		{AF3ADB8D-CF3A-4E1A-9A3E-F31F3D139034}.Debug|ARM64.ActiveCfg = Debug|Any CPU
		{AF3ADB8D-CF3A-4E1A-9A3E-F31F3D139034}.Debug|ARM64.Build.0 = Debug|Any CPU
		{AF3ADB8D-CF3A-4E1A-9A3E-F31F3D139034}.Debug|iPhone.ActiveCfg = Debug|Any CPU
		{AF3ADB8D-CF3A-4E1A-9A3E-F31F3D139034}.Debug|iPhone.Build.0 = Debug|Any CPU
		{AF3ADB8D-CF3A-4E1A-9A3E-F31F3D139034}.Debug|iPhoneSimulator.ActiveCfg = Debug|Any CPU
		{AF3ADB8D-CF3A-4E1A-9A3E-F31F3D139034}.Debug|iPhoneSimulator.Build.0 = Debug|Any CPU
		{AF3ADB8D-CF3A-4E1A-9A3E-F31F3D139034}.Debug|x64.ActiveCfg = Debug|Any CPU
		{AF3ADB8D-CF3A-4E1A-9A3E-F31F3D139034}.Debug|x64.Build.0 = Debug|Any CPU
		{AF3ADB8D-CF3A-4E1A-9A3E-F31F3D139034}.Debug|x86.ActiveCfg = Debug|Any CPU
		{AF3ADB8D-CF3A-4E1A-9A3E-F31F3D139034}.Debug|x86.Build.0 = Debug|Any CPU
		{AF3ADB8D-CF3A-4E1A-9A3E-F31F3D139034}.Release|Any CPU.ActiveCfg = Release|Any CPU
		{AF3ADB8D-CF3A-4E1A-9A3E-F31F3D139034}.Release|Any CPU.Build.0 = Release|Any CPU
		{AF3ADB8D-CF3A-4E1A-9A3E-F31F3D139034}.Release|ARM.ActiveCfg = Release|Any CPU
		{AF3ADB8D-CF3A-4E1A-9A3E-F31F3D139034}.Release|ARM.Build.0 = Release|Any CPU
		{AF3ADB8D-CF3A-4E1A-9A3E-F31F3D139034}.Release|ARM64.ActiveCfg = Release|Any CPU
		{AF3ADB8D-CF3A-4E1A-9A3E-F31F3D139034}.Release|ARM64.Build.0 = Release|Any CPU
		{AF3ADB8D-CF3A-4E1A-9A3E-F31F3D139034}.Release|iPhone.ActiveCfg = Release|Any CPU
		{AF3ADB8D-CF3A-4E1A-9A3E-F31F3D139034}.Release|iPhone.Build.0 = Release|Any CPU
		{AF3ADB8D-CF3A-4E1A-9A3E-F31F3D139034}.Release|iPhoneSimulator.ActiveCfg = Release|Any CPU
		{AF3ADB8D-CF3A-4E1A-9A3E-F31F3D139034}.Release|iPhoneSimulator.Build.0 = Release|Any CPU
		{AF3ADB8D-CF3A-4E1A-9A3E-F31F3D139034}.Release|x64.ActiveCfg = Release|Any CPU
		{AF3ADB8D-CF3A-4E1A-9A3E-F31F3D139034}.Release|x64.Build.0 = Release|Any CPU
		{AF3ADB8D-CF3A-4E1A-9A3E-F31F3D139034}.Release|x86.ActiveCfg = Release|Any CPU
		{AF3ADB8D-CF3A-4E1A-9A3E-F31F3D139034}.Release|x86.Build.0 = Release|Any CPU
		{0DF303BA-6137-4CDB-9596-017720686F21}.Debug|Any CPU.ActiveCfg = Debug|Any CPU
		{0DF303BA-6137-4CDB-9596-017720686F21}.Debug|Any CPU.Build.0 = Debug|Any CPU
		{0DF303BA-6137-4CDB-9596-017720686F21}.Debug|ARM.ActiveCfg = Debug|Any CPU
		{0DF303BA-6137-4CDB-9596-017720686F21}.Debug|ARM.Build.0 = Debug|Any CPU
		{0DF303BA-6137-4CDB-9596-017720686F21}.Debug|ARM64.ActiveCfg = Debug|Any CPU
		{0DF303BA-6137-4CDB-9596-017720686F21}.Debug|ARM64.Build.0 = Debug|Any CPU
		{0DF303BA-6137-4CDB-9596-017720686F21}.Debug|iPhone.ActiveCfg = Debug|Any CPU
		{0DF303BA-6137-4CDB-9596-017720686F21}.Debug|iPhone.Build.0 = Debug|Any CPU
		{0DF303BA-6137-4CDB-9596-017720686F21}.Debug|iPhoneSimulator.ActiveCfg = Debug|Any CPU
		{0DF303BA-6137-4CDB-9596-017720686F21}.Debug|iPhoneSimulator.Build.0 = Debug|Any CPU
		{0DF303BA-6137-4CDB-9596-017720686F21}.Debug|x64.ActiveCfg = Debug|Any CPU
		{0DF303BA-6137-4CDB-9596-017720686F21}.Debug|x64.Build.0 = Debug|Any CPU
		{0DF303BA-6137-4CDB-9596-017720686F21}.Debug|x86.ActiveCfg = Debug|Any CPU
		{0DF303BA-6137-4CDB-9596-017720686F21}.Debug|x86.Build.0 = Debug|Any CPU
		{0DF303BA-6137-4CDB-9596-017720686F21}.Release|Any CPU.ActiveCfg = Release|Any CPU
		{0DF303BA-6137-4CDB-9596-017720686F21}.Release|Any CPU.Build.0 = Release|Any CPU
		{0DF303BA-6137-4CDB-9596-017720686F21}.Release|ARM.ActiveCfg = Release|Any CPU
		{0DF303BA-6137-4CDB-9596-017720686F21}.Release|ARM.Build.0 = Release|Any CPU
		{0DF303BA-6137-4CDB-9596-017720686F21}.Release|ARM64.ActiveCfg = Release|Any CPU
		{0DF303BA-6137-4CDB-9596-017720686F21}.Release|ARM64.Build.0 = Release|Any CPU
		{0DF303BA-6137-4CDB-9596-017720686F21}.Release|iPhone.ActiveCfg = Release|Any CPU
		{0DF303BA-6137-4CDB-9596-017720686F21}.Release|iPhone.Build.0 = Release|Any CPU
		{0DF303BA-6137-4CDB-9596-017720686F21}.Release|iPhoneSimulator.ActiveCfg = Release|Any CPU
		{0DF303BA-6137-4CDB-9596-017720686F21}.Release|iPhoneSimulator.Build.0 = Release|Any CPU
		{0DF303BA-6137-4CDB-9596-017720686F21}.Release|x64.ActiveCfg = Release|Any CPU
		{0DF303BA-6137-4CDB-9596-017720686F21}.Release|x64.Build.0 = Release|Any CPU
		{0DF303BA-6137-4CDB-9596-017720686F21}.Release|x86.ActiveCfg = Release|Any CPU
		{0DF303BA-6137-4CDB-9596-017720686F21}.Release|x86.Build.0 = Release|Any CPU
		{FFE660A9-27AD-447B-AC2D-F5EC025A7E64}.Debug|Any CPU.ActiveCfg = Debug|Any CPU
		{FFE660A9-27AD-447B-AC2D-F5EC025A7E64}.Debug|Any CPU.Build.0 = Debug|Any CPU
		{FFE660A9-27AD-447B-AC2D-F5EC025A7E64}.Debug|ARM.ActiveCfg = Debug|Any CPU
		{FFE660A9-27AD-447B-AC2D-F5EC025A7E64}.Debug|ARM.Build.0 = Debug|Any CPU
		{FFE660A9-27AD-447B-AC2D-F5EC025A7E64}.Debug|ARM64.ActiveCfg = Debug|Any CPU
		{FFE660A9-27AD-447B-AC2D-F5EC025A7E64}.Debug|ARM64.Build.0 = Debug|Any CPU
		{FFE660A9-27AD-447B-AC2D-F5EC025A7E64}.Debug|iPhone.ActiveCfg = Debug|Any CPU
		{FFE660A9-27AD-447B-AC2D-F5EC025A7E64}.Debug|iPhone.Build.0 = Debug|Any CPU
		{FFE660A9-27AD-447B-AC2D-F5EC025A7E64}.Debug|iPhoneSimulator.ActiveCfg = Debug|Any CPU
		{FFE660A9-27AD-447B-AC2D-F5EC025A7E64}.Debug|iPhoneSimulator.Build.0 = Debug|Any CPU
		{FFE660A9-27AD-447B-AC2D-F5EC025A7E64}.Debug|x64.ActiveCfg = Debug|Any CPU
		{FFE660A9-27AD-447B-AC2D-F5EC025A7E64}.Debug|x64.Build.0 = Debug|Any CPU
		{FFE660A9-27AD-447B-AC2D-F5EC025A7E64}.Debug|x86.ActiveCfg = Debug|Any CPU
		{FFE660A9-27AD-447B-AC2D-F5EC025A7E64}.Debug|x86.Build.0 = Debug|Any CPU
		{FFE660A9-27AD-447B-AC2D-F5EC025A7E64}.Release|Any CPU.ActiveCfg = Release|Any CPU
		{FFE660A9-27AD-447B-AC2D-F5EC025A7E64}.Release|Any CPU.Build.0 = Release|Any CPU
		{FFE660A9-27AD-447B-AC2D-F5EC025A7E64}.Release|ARM.ActiveCfg = Release|Any CPU
		{FFE660A9-27AD-447B-AC2D-F5EC025A7E64}.Release|ARM.Build.0 = Release|Any CPU
		{FFE660A9-27AD-447B-AC2D-F5EC025A7E64}.Release|ARM64.ActiveCfg = Release|Any CPU
		{FFE660A9-27AD-447B-AC2D-F5EC025A7E64}.Release|ARM64.Build.0 = Release|Any CPU
		{FFE660A9-27AD-447B-AC2D-F5EC025A7E64}.Release|iPhone.ActiveCfg = Release|Any CPU
		{FFE660A9-27AD-447B-AC2D-F5EC025A7E64}.Release|iPhone.Build.0 = Release|Any CPU
		{FFE660A9-27AD-447B-AC2D-F5EC025A7E64}.Release|iPhoneSimulator.ActiveCfg = Release|Any CPU
		{FFE660A9-27AD-447B-AC2D-F5EC025A7E64}.Release|iPhoneSimulator.Build.0 = Release|Any CPU
		{FFE660A9-27AD-447B-AC2D-F5EC025A7E64}.Release|x64.ActiveCfg = Release|Any CPU
		{FFE660A9-27AD-447B-AC2D-F5EC025A7E64}.Release|x64.Build.0 = Release|Any CPU
		{FFE660A9-27AD-447B-AC2D-F5EC025A7E64}.Release|x86.ActiveCfg = Release|Any CPU
		{FFE660A9-27AD-447B-AC2D-F5EC025A7E64}.Release|x86.Build.0 = Release|Any CPU
		{E740EC71-6444-434E-90F0-FF793BC9E29E}.Debug|Any CPU.ActiveCfg = Debug|Any CPU
		{E740EC71-6444-434E-90F0-FF793BC9E29E}.Debug|Any CPU.Build.0 = Debug|Any CPU
		{E740EC71-6444-434E-90F0-FF793BC9E29E}.Debug|ARM.ActiveCfg = Debug|Any CPU
		{E740EC71-6444-434E-90F0-FF793BC9E29E}.Debug|ARM.Build.0 = Debug|Any CPU
		{E740EC71-6444-434E-90F0-FF793BC9E29E}.Debug|ARM64.ActiveCfg = Debug|Any CPU
		{E740EC71-6444-434E-90F0-FF793BC9E29E}.Debug|ARM64.Build.0 = Debug|Any CPU
		{E740EC71-6444-434E-90F0-FF793BC9E29E}.Debug|iPhone.ActiveCfg = Debug|Any CPU
		{E740EC71-6444-434E-90F0-FF793BC9E29E}.Debug|iPhone.Build.0 = Debug|Any CPU
		{E740EC71-6444-434E-90F0-FF793BC9E29E}.Debug|iPhoneSimulator.ActiveCfg = Debug|Any CPU
		{E740EC71-6444-434E-90F0-FF793BC9E29E}.Debug|iPhoneSimulator.Build.0 = Debug|Any CPU
		{E740EC71-6444-434E-90F0-FF793BC9E29E}.Debug|x64.ActiveCfg = Debug|Any CPU
		{E740EC71-6444-434E-90F0-FF793BC9E29E}.Debug|x64.Build.0 = Debug|Any CPU
		{E740EC71-6444-434E-90F0-FF793BC9E29E}.Debug|x86.ActiveCfg = Debug|Any CPU
		{E740EC71-6444-434E-90F0-FF793BC9E29E}.Debug|x86.Build.0 = Debug|Any CPU
		{E740EC71-6444-434E-90F0-FF793BC9E29E}.Release|Any CPU.ActiveCfg = Release|Any CPU
		{E740EC71-6444-434E-90F0-FF793BC9E29E}.Release|Any CPU.Build.0 = Release|Any CPU
		{E740EC71-6444-434E-90F0-FF793BC9E29E}.Release|ARM.ActiveCfg = Release|Any CPU
		{E740EC71-6444-434E-90F0-FF793BC9E29E}.Release|ARM.Build.0 = Release|Any CPU
		{E740EC71-6444-434E-90F0-FF793BC9E29E}.Release|ARM64.ActiveCfg = Release|Any CPU
		{E740EC71-6444-434E-90F0-FF793BC9E29E}.Release|ARM64.Build.0 = Release|Any CPU
		{E740EC71-6444-434E-90F0-FF793BC9E29E}.Release|iPhone.ActiveCfg = Release|Any CPU
		{E740EC71-6444-434E-90F0-FF793BC9E29E}.Release|iPhone.Build.0 = Release|Any CPU
		{E740EC71-6444-434E-90F0-FF793BC9E29E}.Release|iPhoneSimulator.ActiveCfg = Release|Any CPU
		{E740EC71-6444-434E-90F0-FF793BC9E29E}.Release|iPhoneSimulator.Build.0 = Release|Any CPU
		{E740EC71-6444-434E-90F0-FF793BC9E29E}.Release|x64.ActiveCfg = Release|Any CPU
		{E740EC71-6444-434E-90F0-FF793BC9E29E}.Release|x64.Build.0 = Release|Any CPU
		{E740EC71-6444-434E-90F0-FF793BC9E29E}.Release|x86.ActiveCfg = Release|Any CPU
		{E740EC71-6444-434E-90F0-FF793BC9E29E}.Release|x86.Build.0 = Release|Any CPU
	EndGlobalSection
	GlobalSection(SolutionProperties) = preSolution
		HideSolutionNode = FALSE
	EndGlobalSection
	GlobalSection(ExtensibilityGlobals) = postSolution
		SolutionGuid = {9D43EC54-CDA7-43BD-B52F-21977ADA18D3}
	EndGlobalSection
EndGlobal
